
Microsoft Visual Studio Solution File, Format Version 12.00
# Visual Studio Version 17
VisualStudioVersion = 17.3.32922.545
MinimumVisualStudioVersion = 10.0.40219.1
Project("{FAE04EC0-301F-11D3-BF4B-00C04F79EFBC}") = "WebAppAgenda", "WebAppAgenda\WebAppAgenda.csproj", "{216F7A5F-A936-465A-B0C4-E634A309A58D}"
EndProject
Global
	GlobalSection(SolutionConfigurationPlatforms) = preSolution
		Debug|Any CPU = Debug|Any CPU
		Release|Any CPU = Release|Any CPU
	EndGlobalSection
	GlobalSection(ProjectConfigurationPlatforms) = postSolution
		{216F7A5F-A936-465A-B0C4-E634A309A58D}.Debug|Any CPU.ActiveCfg = Debug|Any CPU
		{216F7A5F-A936-465A-B0C4-E634A309A58D}.Debug|Any CPU.Build.0 = Debug|Any CPU
		{216F7A5F-A936-465A-B0C4-E634A309A58D}.Release|Any CPU.ActiveCfg = Release|Any CPU
		{216F7A5F-A936-465A-B0C4-E634A309A58D}.Release|Any CPU.Build.0 = Release|Any CPU
	EndGlobalSection
	GlobalSection(SolutionProperties) = preSolution
		HideSolutionNode = FALSE
	EndGlobalSection
	GlobalSection(ExtensibilityGlobals) = postSolution
		SolutionGuid = {11B27C17-F6C1-4F5D-B329-81D8B314DBE4}
	EndGlobalSection
EndGlobal
